
Microsoft Visual Studio Solution File, Format Version 12.00
# Visual Studio Version 16
VisualStudioVersion = 16.0.31729.503
MinimumVisualStudioVersion = 10.0.40219.1
Project("{FAE04EC0-301F-11D3-BF4B-00C04F79EFBC}") = "TenPinBowling", "TenPinBowling.csproj", "{19E03587-6462-4F64-931B-D197F96F86C7}"
EndProject
Project("{FAE04EC0-301F-11D3-BF4B-00C04F79EFBC}") = "TenPinBowlingTests", "..\TenPinBowlingTests\TenPinBowlingTests.csproj", "{D8146AB3-689F-42BC-A49F-EBA904DC642F}"
EndProject
Global
	GlobalSection(SolutionConfigurationPlatforms) = preSolution
		Debug|Any CPU = Debug|Any CPU
		Release|Any CPU = Release|Any CPU
	EndGlobalSection
	GlobalSection(ProjectConfigurationPlatforms) = postSolution
		{19E03587-6462-4F64-931B-D197F96F86C7}.Debug|Any CPU.ActiveCfg = Debug|Any CPU
		{19E03587-6462-4F64-931B-D197F96F86C7}.Debug|Any CPU.Build.0 = Debug|Any CPU
		{19E03587-6462-4F64-931B-D197F96F86C7}.Release|Any CPU.ActiveCfg = Release|Any CPU
		{19E03587-6462-4F64-931B-D197F96F86C7}.Release|Any CPU.Build.0 = Release|Any CPU
		{D8146AB3-689F-42BC-A49F-EBA904DC642F}.Debug|Any CPU.ActiveCfg = Debug|Any CPU
		{D8146AB3-689F-42BC-A49F-EBA904DC642F}.Debug|Any CPU.Build.0 = Debug|Any CPU
		{D8146AB3-689F-42BC-A49F-EBA904DC642F}.Release|Any CPU.ActiveCfg = Release|Any CPU
		{D8146AB3-689F-42BC-A49F-EBA904DC642F}.Release|Any CPU.Build.0 = Release|Any CPU
	EndGlobalSection
	GlobalSection(SolutionProperties) = preSolution
		HideSolutionNode = FALSE
	EndGlobalSection
	GlobalSection(ExtensibilityGlobals) = postSolution
		SolutionGuid = {6734E8F2-4BC4-4D1D-80BE-D993BF7E9591}
	EndGlobalSection
EndGlobal
